
Microsoft Visual Studio Solution File, Format Version 12.00
# Visual Studio 14
VisualStudioVersion = 14.0.24720.0
MinimumVisualStudioVersion = 10.0.40219.1
Project("{2150E333-8FDC-42A3-9474-1A3956D46DE8}") = "Solution Items", "Solution Items", "{FCC9763D-4EEC-43D5-8895-CF5E9A3AD18F}"
	ProjectSection(SolutionItems) = preProject
		.gitignore = .gitignore
		LICENSE = LICENSE
		README.md = README.md
	EndProjectSection
EndProject
Project("{FAE04EC0-301F-11D3-BF4B-00C04F79EFBC}") = "Particle-Universal", "Particle-Universal\Particle-Universal.csproj", "{75461448-4FB3-4125-80D5-E626A8095792}"
EndProject
Global
	GlobalSection(SolutionConfigurationPlatforms) = preSolution
		Debug|Any CPU = Debug|Any CPU
		Debug|ARM = Debug|ARM
		Debug|x64 = Debug|x64
		Debug|x86 = Debug|x86
		Release|Any CPU = Release|Any CPU
		Release|ARM = Release|ARM
		Release|x64 = Release|x64
		Release|x86 = Release|x86
	EndGlobalSection
	GlobalSection(ProjectConfigurationPlatforms) = postSolution
		{75461448-4FB3-4125-80D5-E626A8095792}.Debug|Any CPU.ActiveCfg = Debug|x86
		{75461448-4FB3-4125-80D5-E626A8095792}.Debug|ARM.ActiveCfg = Debug|ARM
		{75461448-4FB3-4125-80D5-E626A8095792}.Debug|ARM.Build.0 = Debug|ARM
		{75461448-4FB3-4125-80D5-E626A8095792}.Debug|ARM.Deploy.0 = Debug|ARM
		{75461448-4FB3-4125-80D5-E626A8095792}.Debug|x64.ActiveCfg = Debug|x64
		{75461448-4FB3-4125-80D5-E626A8095792}.Debug|x64.Build.0 = Debug|x64
		{75461448-4FB3-4125-80D5-E626A8095792}.Debug|x64.Deploy.0 = Debug|x64
		{75461448-4FB3-4125-80D5-E626A8095792}.Debug|x86.ActiveCfg = Debug|x86
		{75461448-4FB3-4125-80D5-E626A8095792}.Debug|x86.Build.0 = Debug|x86
		{75461448-4FB3-4125-80D5-E626A8095792}.Debug|x86.Deploy.0 = Debug|x86
		{75461448-4FB3-4125-80D5-E626A8095792}.Release|Any CPU.ActiveCfg = Release|x86
		{75461448-4FB3-4125-80D5-E626A8095792}.Release|ARM.ActiveCfg = Release|ARM
		{75461448-4FB3-4125-80D5-E626A8095792}.Release|ARM.Build.0 = Release|ARM
		{75461448-4FB3-4125-80D5-E626A8095792}.Release|ARM.Deploy.0 = Release|ARM
		{75461448-4FB3-4125-80D5-E626A8095792}.Release|x64.ActiveCfg = Release|x64
		{75461448-4FB3-4125-80D5-E626A8095792}.Release|x64.Build.0 = Release|x64
		{75461448-4FB3-4125-80D5-E626A8095792}.Release|x64.Deploy.0 = Release|x64
		{75461448-4FB3-4125-80D5-E626A8095792}.Release|x86.ActiveCfg = Release|x86
		{75461448-4FB3-4125-80D5-E626A8095792}.Release|x86.Build.0 = Release|x86
		{75461448-4FB3-4125-80D5-E626A8095792}.Release|x86.Deploy.0 = Release|x86
	EndGlobalSection
	GlobalSection(SolutionProperties) = preSolution
		HideSolutionNode = FALSE
	EndGlobalSection
EndGlobal
